
Microsoft Visual Studio Solution File, Format Version 12.00
# Visual Studio Version 17
VisualStudioVersion = 17.8.34728.176
MinimumVisualStudioVersion = 10.0.40219.1
Project("{2150E333-8FDC-42A3-9474-1A3956D46DE8}") = "Services", "Services", "{359A94F5-B295-45AC-BBEB-881B548E0A33}"
EndProject
Project("{2150E333-8FDC-42A3-9474-1A3956D46DE8}") = "Catalog", "Catalog", "{F932A7DF-BACE-486C-A1CA-239D6EC53AEC}"
EndProject
Project("{9A19103F-16F7-4668-BE54-9A1E7A4F7556}") = "Catalog.Api", ".\Services\Catalog\Catalog.Api\Catalog.Api.csproj", "{586EDA19-C9F2-47C8-B1CD-F118BF786FF8}"
EndProject
Project("{2150E333-8FDC-42A3-9474-1A3956D46DE8}") = "BuildingBlocks", "BuildingBlocks", "{49FA6682-66D4-4273-BBF3-085899BA8D8E}"
EndProject
Project("{FAE04EC0-301F-11D3-BF4B-00C04F79EFBC}") = "BuildingBlocks", ".\BuildingBlocks\BuildingBlocks\BuildingBlocks.csproj", "{209A65B7-F248-4C0D-B127-017810778968}"
EndProject
Global
	GlobalSection(SolutionConfigurationPlatforms) = preSolution
		Debug|Any CPU = Debug|Any CPU
		Release|Any CPU = Release|Any CPU
	EndGlobalSection
	GlobalSection(ProjectConfigurationPlatforms) = postSolution
		{586EDA19-C9F2-47C8-B1CD-F118BF786FF8}.Debug|Any CPU.ActiveCfg = Debug|Any CPU
		{586EDA19-C9F2-47C8-B1CD-F118BF786FF8}.Debug|Any CPU.Build.0 = Debug|Any CPU
		{586EDA19-C9F2-47C8-B1CD-F118BF786FF8}.Release|Any CPU.ActiveCfg = Release|Any CPU
		{586EDA19-C9F2-47C8-B1CD-F118BF786FF8}.Release|Any CPU.Build.0 = Release|Any CPU
		{209A65B7-F248-4C0D-B127-017810778968}.Debug|Any CPU.ActiveCfg = Debug|Any CPU
		{209A65B7-F248-4C0D-B127-017810778968}.Debug|Any CPU.Build.0 = Debug|Any CPU
		{209A65B7-F248-4C0D-B127-017810778968}.Release|Any CPU.ActiveCfg = Release|Any CPU
		{209A65B7-F248-4C0D-B127-017810778968}.Release|Any CPU.Build.0 = Release|Any CPU
	EndGlobalSection
	GlobalSection(SolutionProperties) = preSolution
		HideSolutionNode = FALSE
	EndGlobalSection
	GlobalSection(NestedProjects) = preSolution
		{F932A7DF-BACE-486C-A1CA-239D6EC53AEC} = {359A94F5-B295-45AC-BBEB-881B548E0A33}
		{586EDA19-C9F2-47C8-B1CD-F118BF786FF8} = {F932A7DF-BACE-486C-A1CA-239D6EC53AEC}
		{209A65B7-F248-4C0D-B127-017810778968} = {49FA6682-66D4-4273-BBF3-085899BA8D8E}
	EndGlobalSection
	GlobalSection(ExtensibilityGlobals) = postSolution
		SolutionGuid = {5F202133-5B67-4651-B903-62C36D93C4F3}
	EndGlobalSection
EndGlobal
